
Microsoft Visual Studio Solution File, Format Version 12.00
# Visual Studio Version 16
VisualStudioVersion = 16.0.30204.135
MinimumVisualStudioVersion = 10.0.40219.1
Project("{9A19103F-16F7-4668-BE54-9A1E7A4F7556}") = "EmailWorkerService", "EmailWorkerService\EmailWorkerService.csproj", "{AF839D8B-BBF6-4E80-B775-FF1E3041339B}"
EndProject
Project("{9A19103F-16F7-4668-BE54-9A1E7A4F7556}") = "Routeco.Data", "EmailRepository\Routeco.Data.csproj", "{807FCCE1-349D-4A4A-B967-90116E574EC9}"
EndProject
Project("{9A19103F-16F7-4668-BE54-9A1E7A4F7556}") = "Routeco.EmailWorkService.Domain", "Routeco.EmailWorkService.Domain\Routeco.EmailWorkService.Domain.csproj", "{5D6BDA71-8F38-4D0F-987C-515528DEB0B7}"
EndProject
Global
	GlobalSection(SolutionConfigurationPlatforms) = preSolution
		Debug|Any CPU = Debug|Any CPU
		Release|Any CPU = Release|Any CPU
	EndGlobalSection
	GlobalSection(ProjectConfigurationPlatforms) = postSolution
		{AF839D8B-BBF6-4E80-B775-FF1E3041339B}.Debug|Any CPU.ActiveCfg = Debug|Any CPU
		{AF839D8B-BBF6-4E80-B775-FF1E3041339B}.Debug|Any CPU.Build.0 = Debug|Any CPU
		{AF839D8B-BBF6-4E80-B775-FF1E3041339B}.Release|Any CPU.ActiveCfg = Release|Any CPU
		{AF839D8B-BBF6-4E80-B775-FF1E3041339B}.Release|Any CPU.Build.0 = Release|Any CPU
		{807FCCE1-349D-4A4A-B967-90116E574EC9}.Debug|Any CPU.ActiveCfg = Debug|Any CPU
		{807FCCE1-349D-4A4A-B967-90116E574EC9}.Debug|Any CPU.Build.0 = Debug|Any CPU
		{807FCCE1-349D-4A4A-B967-90116E574EC9}.Release|Any CPU.ActiveCfg = Release|Any CPU
		{807FCCE1-349D-4A4A-B967-90116E574EC9}.Release|Any CPU.Build.0 = Release|Any CPU
		{5D6BDA71-8F38-4D0F-987C-515528DEB0B7}.Debug|Any CPU.ActiveCfg = Debug|Any CPU
		{5D6BDA71-8F38-4D0F-987C-515528DEB0B7}.Debug|Any CPU.Build.0 = Debug|Any CPU
		{5D6BDA71-8F38-4D0F-987C-515528DEB0B7}.Release|Any CPU.ActiveCfg = Release|Any CPU
		{5D6BDA71-8F38-4D0F-987C-515528DEB0B7}.Release|Any CPU.Build.0 = Release|Any CPU
	EndGlobalSection
	GlobalSection(SolutionProperties) = preSolution
		HideSolutionNode = FALSE
	EndGlobalSection
	GlobalSection(ExtensibilityGlobals) = postSolution
		SolutionGuid = {7BE40CD0-C49B-4EC2-A9FA-0B8037A9EB47}
	EndGlobalSection
EndGlobal
